# This file is automatically @generated by Cargo.
# It is not intended for manual editing.
version = 3

[[package]]
name = "all-unique"
version = "0.1.0"

[[package]]
name = "week260-swap-pairs"
version = "0.1.0"

[[package]]
name = "week264-fromto"
version = "0.1.0"

[[package]]
name = "week267-ordinal-suffix"
version = "0.1.0"
